// !$*UTF8*$!
{
	archiveVersion = 1;
	classes = {
	};
	objectVersion = 46;
	objects = {

/* Begin PBXBuildFile section */
		2991D68B1A76C095005CA26C /* AppDelegate.swift in Sources */ = {isa = PBXBuildFile; fileRef = 2991D68A1A76C095005CA26C /* AppDelegate.swift */; };
		2991D68D1A76C095005CA26C /* ViewController.swift in Sources */ = {isa = PBXBuildFile; fileRef = 2991D68C1A76C095005CA26C /* ViewController.swift */; };
		2991D6901A76C095005CA26C /* Main.storyboard in Resources */ = {isa = PBXBuildFile; fileRef = 2991D68E1A76C095005CA26C /* Main.storyboard */; };
		2991D6921A76C095005CA26C /* Images.xcassets in Resources */ = {isa = PBXBuildFile; fileRef = 2991D6911A76C095005CA26C /* Images.xcassets */; };
		2991D6951A76C095005CA26C /* LaunchScreen.xib in Resources */ = {isa = PBXBuildFile; fileRef = 2991D6931A76C095005CA26C /* LaunchScreen.xib */; };
		2991D6A11A76C095005CA26C /* LoginFormTests.swift in Sources */ = {isa = PBXBuildFile; fileRef = 2991D6A01A76C095005CA26C /* LoginFormTests.swift */; };
/* End PBXBuildFile section */

/* Begin PBXContainerItemProxy section */
		2991D69B1A76C095005CA26C /* PBXContainerItemProxy */ = {
			isa = PBXContainerItemProxy;
			containerPortal = 2991D67D1A76C095005CA26C /* Project object */;
			proxyType = 1;
			remoteGlobalIDString = 2991D6841A76C095005CA26C;
			remoteInfo = LoginForm;
		};
/* End PBXContainerItemProxy section */

/* Begin PBXFileReference section */
		2991D6851A76C095005CA26C /* LoginForm.app */ = {isa = PBXFileReference; explicitFileType = wrapper.application; includeInIndex = 0; path = LoginForm.app; sourceTree = BUILT_PRODUCTS_DIR; };
		2991D6891A76C095005CA26C /* Info.plist */ = {isa = PBXFileReference; lastKnownFileType = text.plist.xml; path = Info.plist; sourceTree = "<group>"; };
		2991D68A1A76C095005CA26C /* AppDelegate.swift */ = {isa = PBXFileReference; lastKnownFileType = sourcecode.swift; path = AppDelegate.swift; sourceTree = "<group>"; };
		2991D68C1A76C095005CA26C /* ViewController.swift */ = {isa = PBXFileReference; lastKnownFileType = sourcecode.swift; path = ViewController.swift; sourceTree = "<group>"; };
		2991D68F1A76C095005CA26C /* Base */ = {isa = PBXFileReference; lastKnownFileType = file.storyboard; name = Base; path = Base.lproj/Main.storyboard; sourceTree = "<group>"; };
		2991D6911A76C095005CA26C /* Images.xcassets */ = {isa = PBXFileReference; lastKnownFileType = folder.assetcatalog; path = Images.xcassets; sourceTree = "<group>"; };
		2991D6941A76C095005CA26C /* Base */ = {isa = PBXFileReference; lastKnownFileType = file.xib; name = Base; path = Base.lproj/LaunchScreen.xib; sourceTree = "<group>"; };
		2991D69A1A76C095005CA26C /* LoginFormTests.xctest */ = {isa = PBXFileReference; explicitFileType = wrapper.cfbundle; includeInIndex = 0; path = LoginFormTests.xctest; sourceTree = BUILT_PRODUCTS_DIR; };
		2991D69F1A76C095005CA26C /* Info.plist */ = {isa = PBXFileReference; lastKnownFileType = text.plist.xml; path = Info.plist; sourceTree = "<group>"; };
		2991D6A01A76C095005CA26C /* LoginFormTests.swift */ = {isa = PBXFileReference; lastKnownFileType = sourcecode.swift; path = LoginFormTests.swift; sourceTree = "<group>"; };
/* End PBXFileReference section */

/* Begin PBXFrameworksBuildPhase section */
		2991D6821A76C095005CA26C /* Frameworks */ = {
			isa = PBXFrameworksBuildPhase;
			buildActionMask = 2147483647;
			files = (
			);
			runOnlyForDeploymentPostprocessing = 0;
		};
		2991D6971A76C095005CA26C /* Frameworks */ = {
			isa = PBXFrameworksBuildPhase;
			buildActionMask = 2147483647;
			files = (
			);
			runOnlyForDeploymentPostprocessing = 0;
		};
/* End PBXFrameworksBuildPhase section */

/* Begin PBXGroup section */
		2991D67C1A76C095005CA26C = {
			isa = PBXGroup;
			children = (
				2991D6871A76C095005CA26C /* LoginForm */,
				2991D69D1A76C095005CA26C /* LoginFormTests */,
				2991D6861A76C095005CA26C /* Products */,
			);
			sourceTree = "<group>";
		};
		2991D6861A76C095005CA26C /* Products */ = {
			isa = PBXGroup;
			children = (
				2991D6851A76C095005CA26C /* LoginForm.app */,
				2991D69A1A76C095005CA26C /* LoginFormTests.xctest */,
			);
			name = Products;
			sourceTree = "<group>";
		};
		2991D6871A76C095005CA26C /* LoginForm */ = {
			isa = PBXGroup;
			children = (
				2991D68A1A76C095005CA26C /* AppDelegate.swift */,
				2991D68C1A76C095005CA26C /* ViewController.swift */,
				2991D68E1A76C095005CA26C /* Main.storyboard */,
				2991D6911A76C095005CA26C /* Images.xcassets */,
				2991D6931A76C095005CA26C /* LaunchScreen.xib */,
				2991D6881A76C095005CA26C /* Supporting Files */,
			);
			path = LoginForm;
			sourceTree = "<group>";
		};
		2991D6881A76C095005CA26C /* Supporting Files */ = {
			isa = PBXGroup;
			children = (
				2991D6891A76C095005CA26C /* Info.plist */,
			);
			name = "Supporting Files";
			sourceTree = "<group>";
		};
		2991D69D1A76C095005CA26C /* LoginFormTests */ = {
			isa = PBXGroup;
			children = (
				2991D6A01A76C095005CA26C /* LoginFormTests.swift */,
				2991D69E1A76C095005CA26C /* Supporting Files */,
			);
			path = LoginFormTests;
			sourceTree = "<group>";
		};
		2991D69E1A76C095005CA26C /* Supporting Files */ = {
			isa = PBXGroup;
			children = (
				2991D69F1A76C095005CA26C /* Info.plist */,
			);
			name = "Supporting Files";
			sourceTree = "<group>";
		};
/* End PBXGroup section */

/* Begin PBXNativeTarget section */
		2991D6841A76C095005CA26C /* LoginForm */ = {
			isa = PBXNativeTarget;
			buildConfigurationList = 2991D6A41A76C095005CA26C /* Build configuration list for PBXNativeTarget "LoginForm" */;
			buildPhases = (
				2991D6811A76C095005CA26C /* Sources */,
				2991D6821A76C095005CA26C /* Frameworks */,
				2991D6831A76C095005CA26C /* Resources */,
			);
			buildRules = (
			);
			dependencies = (
			);
			name = LoginForm;
			productName = LoginForm;
			productReference = 2991D6851A76C095005CA26C /* LoginForm.app */;
			productType = "com.apple.product-type.application";
		};
		2991D6991A76C095005CA26C /* LoginFormTests */ = {
			isa = PBXNativeTarget;
			buildConfigurationList = 2991D6A71A76C095005CA26C /* Build configuration list for PBXNativeTarget "LoginFormTests" */;
			buildPhases = (
				2991D6961A76C095005CA26C /* Sources */,
				2991D6971A76C095005CA26C /* Frameworks */,
				2991D6981A76C095005CA26C /* Resources */,
			);
			buildRules = (
			);
			dependencies = (
				2991D69C1A76C095005CA26C /* PBXTargetDependency */,
			);
			name = LoginFormTests;
			productName = LoginFormTests;
			productReference = 2991D69A1A76C095005CA26C /* LoginFormTests.xctest */;
			productType = "com.apple.product-type.bundle.unit-test";
		};
/* End PBXNativeTarget section */

/* Begin PBXProject section */
		2991D67D1A76C095005CA26C /* Project object */ = {
			isa = PBXProject;
			attributes = {
				LastUpgradeCheck = 0610;
				ORGANIZATIONNAME = "Ebony Nyenya";
				TargetAttributes = {
					2991D6841A76C095005CA26C = {
						CreatedOnToolsVersion = 6.1.1;
					};
					2991D6991A76C095005CA26C = {
						CreatedOnToolsVersion = 6.1.1;
						TestTargetID = 2991D6841A76C095005CA26C;
					};
				};
			};
			buildConfigurationList = 2991D6801A76C095005CA26C /* Build configuration list for PBXProject "LoginForm" */;
			compatibilityVersion = "Xcode 3.2";
			developmentRegion = English;
			hasScannedForEncodings = 0;
			knownRegions = (
				en,
				Base,
			);
			mainGroup = 2991D67C1A76C095005CA26C;
			productRefGroup = 2991D6861A76C095005CA26C /* Products */;
			projectDirPath = "";
			projectRoot = "";
			targets = (
				2991D6841A76C095005CA26C /* LoginForm */,
				2991D6991A76C095005CA26C /* LoginFormTests */,
			);
		};
/* End PBXProject section */

/* Begin PBXResourcesBuildPhase section */
		2991D6831A76C095005CA26C /* Resources */ = {
			isa = PBXResourcesBuildPhase;
			buildActionMask = 2147483647;
			files = (
				2991D6901A76C095005CA26C /* Main.storyboard in Resources */,
				2991D6951A76C095005CA26C /* LaunchScreen.xib in Resources */,
				2991D6921A76C095005CA26C /* Images.xcassets in Resources */,
			);
			runOnlyForDeploymentPostprocessing = 0;
		};
		2991D6981A76C095005CA26C /* Resources */ = {
			isa = PBXResourcesBuildPhase;
			buildActionMask = 2147483647;
			files = (
			);
			runOnlyForDeploymentPostprocessing = 0;
		};
/* End PBXResourcesBuildPhase section */

/* Begin PBXSourcesBuildPhase section */
		2991D6811A76C095005CA26C /* Sources */ = {
			isa = PBXSourcesBuildPhase;
			buildActionMask = 2147483647;
			files = (
				2991D68D1A76C095005CA26C /* ViewController.swift in Sources */,
				2991D68B1A76C095005CA26C /* AppDelegate.swift in Sources */,
			);
			runOnlyForDeploymentPostprocessing = 0;
		};
		2991D6961A76C095005CA26C /* Sources */ = {
			isa = PBXSourcesBuildPhase;
			buildActionMask = 2147483647;
			files = (
				2991D6A11A76C095005CA26C /* LoginFormTests.swift in Sources */,
			);
			runOnlyForDeploymentPostprocessing = 0;
		};
/* End PBXSourcesBuildPhase section */

/* Begin PBXTargetDependency section */
		2991D69C1A76C095005CA26C /* PBXTargetDependency */ = {
			isa = PBXTargetDependency;
			target = 2991D6841A76C095005CA26C /* LoginForm */;
			targetProxy = 2991D69B1A76C095005CA26C /* PBXContainerItemProxy */;
		};
/* End PBXTargetDependency section */

/* Begin PBXVariantGroup section */
		2991D68E1A76C095005CA26C /* Main.storyboard */ = {
			isa = PBXVariantGroup;
			children = (
				2991D68F1A76C095005CA26C /* Base */,
			);
			name = Main.storyboard;
			sourceTree = "<group>";
		};
		2991D6931A76C095005CA26C /* LaunchScreen.xib */ = {
			isa = PBXVariantGroup;
			children = (
				2991D6941A76C095005CA26C /* Base */,
			);
			name = LaunchScreen.xib;
			sourceTree = "<group>";
		};
/* End PBXVariantGroup section */

/* Begin XCBuildConfiguration section */
		2991D6A21A76C095005CA26C /* Debug */ = {
			isa = XCBuildConfiguration;
			buildSettings = {
				ALWAYS_SEARCH_USER_PATHS = NO;
				CLANG_CXX_LANGUAGE_STANDARD = "gnu++0x";
				CLANG_CXX_LIBRARY = "libc++";
				CLANG_ENABLE_MODULES = YES;
				CLANG_ENABLE_OBJC_ARC = YES;
				CLANG_WARN_BOOL_CONVERSION = YES;
				CLANG_WARN_CONSTANT_CONVERSION = YES;
				CLANG_WARN_DIRECT_OBJC_ISA_USAGE = YES_ERROR;
				CLANG_WARN_EMPTY_BODY = YES;
				CLANG_WARN_ENUM_CONVERSION = YES;
				CLANG_WARN_INT_CONVERSION = YES;
				CLANG_WARN_OBJC_ROOT_CLASS = YES_ERROR;
				CLANG_WARN_UNREACHABLE_CODE = YES;
				CLANG_WARN__DUPLICATE_METHOD_MATCH = YES;
				"CODE_SIGN_IDENTITY[sdk=iphoneos*]" = "iPhone Developer";
				COPY_PHASE_STRIP = NO;
				ENABLE_STRICT_OBJC_MSGSEND = YES;
				GCC_C_LANGUAGE_STANDARD = gnu99;
				GCC_DYNAMIC_NO_PIC = NO;
				GCC_OPTIMIZATION_LEVEL = 0;
				GCC_PREPROCESSOR_DEFINITIONS = (
					"DEBUG=1",
					"$(inherited)",
				);
				GCC_SYMBOLS_PRIVATE_EXTERN = NO;
				GCC_WARN_64_TO_32_BIT_CONVERSION = YES;
				GCC_WARN_ABOUT_RETURN_TYPE = YES_ERROR;
				GCC_WARN_UNDECLARED_SELECTOR = YES;
				GCC_WARN_UNINITIALIZED_AUTOS = YES_AGGRESSIVE;
				GCC_WARN_UNUSED_FUNCTION = YES;
				GCC_WARN_UNUSED_VARIABLE = YES;
				IPHONEOS_DEPLOYMENT_TARGET = 8.1;
				MTL_ENABLE_DEBUG_INFO = YES;
				ONLY_ACTIVE_ARCH = YES;
				SDKROOT = iphoneos;
				SWIFT_OPTIMIZATION_LEVEL = "-Onone";
			};
			name = Debug;
		};
		2991D6A31A76C095005CA26C /* Release */ = {
			isa = XCBuildConfiguration;
			buildSettings = {
				ALWAYS_SEARCH_USER_PATHS = NO;
				CLANG_CXX_LANGUAGE_STANDARD = "gnu++0x";
				CLANG_CXX_LIBRARY = "libc++";
				CLANG_ENABLE_MODULES = YES;
				CLANG_ENABLE_OBJC_ARC = YES;
				CLANG_WARN_BOOL_CONVERSION = YES;
				CLANG_WARN_CONSTANT_CONVERSION = YES;
				CLANG_WARN_DIRECT_OBJC_ISA_USAGE = YES_ERROR;
				CLANG_WARN_EMPTY_BODY = YES;
				CLANG_WARN_ENUM_CONVERSION = YES;
				CLANG_WARN_INT_CONVERSION = YES;
				CLANG_WARN_OBJC_ROOT_CLASS = YES_ERROR;
				CLANG_WARN_UNREACHABLE_CODE = YES;
				CLANG_WARN__DUPLICATE_METHOD_MATCH = YES;
				"CODE_SIGN_IDENTITY[sdk=iphoneos*]" = "iPhone Developer";
				COPY_PHASE_STRIP = YES;
				ENABLE_NS_ASSERTIONS = NO;
				ENABLE_STRICT_OBJC_MSGSEND = YES;
				GCC_C_LANGUAGE_STANDARD = gnu99;
				GCC_WARN_64_TO_32_BIT_CONVERSION = YES;
				GCC_WARN_ABOUT_RETURN_TYPE = YES_ERROR;
				GCC_WARN_UNDECLARED_SELECTOR = YES;
				GCC_WARN_UNINITIALIZED_AUTOS = YES_AGGRESSIVE;
				GCC_WARN_UNUSED_FUNCTION = YES;
				GCC_WARN_UNUSED_VARIABLE = YES;
				IPHONEOS_DEPLOYMENT_TARGET = 8.1;
				MTL_ENABLE_DEBUG_INFO = NO;
				SDKROOT = iphoneos;
				VALIDATE_PRODUCT = YES;
			};
			name = Release;
		};
		2991D6A51A76C095005CA26C /* Debug */ = {
			isa = XCBuildConfiguration;
			buildSettings = {
				ASSETCATALOG_COMPILER_APPICON_NAME = AppIcon;
				INFOPLIST_FILE = LoginForm/Info.plist;
				LD_RUNPATH_SEARCH_PATHS = "$(inherited) @executable_path/Frameworks";
				PRODUCT_NAME = "$(TARGET_NAME)";
			};
			name = Debug;
		};
		2991D6A61A76C095005CA26C /* Release */ = {
			isa = XCBuildConfiguration;
			buildSettings = {
				ASSETCATALOG_COMPILER_APPICON_NAME = AppIcon;
				INFOPLIST_FILE = LoginForm/Info.plist;
				LD_RUNPATH_SEARCH_PATHS = "$(inherited) @executable_path/Frameworks";
				PRODUCT_NAME = "$(TARGET_NAME)";
			};
			name = Release;
		};
		2991D6A81A76C095005CA26C /* Debug */ = {
			isa = XCBuildConfiguration;
			buildSettings = {
				BUNDLE_LOADER = "$(TEST_HOST)";
				FRAMEWORK_SEARCH_PATHS = (
					"$(SDKROOT)/Developer/Library/Frameworks",
					"$(inherited)",
				);
				GCC_PREPROCESSOR_DEFINITIONS = (
					"DEBUG=1",
					"$(inherited)",
				);
				INFOPLIST_FILE = LoginFormTests/Info.plist;
				LD_RUNPATH_SEARCH_PATHS = "$(inherited) @executable_path/Frameworks @loader_path/Frameworks";
				PRODUCT_NAME = "$(TARGET_NAME)";
				TEST_HOST = "$(BUILT_PRODUCTS_DIR)/LoginForm.app/LoginForm";
			};
			name = Debug;
		};
		2991D6A91A76C095005CA26C /* Release */ = {
			isa = XCBuildConfiguration;
			buildSettings = {
				BUNDLE_LOADER = "$(TEST_HOST)";
				FRAMEWORK_SEARCH_PATHS = (
					"$(SDKROOT)/Developer/Library/Frameworks",
					"$(inherited)",
				);
				INFOPLIST_FILE = LoginFormTests/Info.plist;
				LD_RUNPATH_SEARCH_PATHS = "$(inherited) @executable_path/Frameworks @loader_path/Frameworks";
				PRODUCT_NAME = "$(TARGET_NAME)";
				TEST_HOST = "$(BUILT_PRODUCTS_DIR)/LoginForm.app/LoginForm";
			};
			name = Release;
		};
/* End XCBuildConfiguration section */

/* Begin XCConfigurationList section */
		2991D6801A76C095005CA26C /* Build configuration list for PBXProject "LoginForm" */ = {
			isa = XCConfigurationList;
			buildConfigurations = (
				2991D6A21A76C095005CA26C /* Debug */,
				2991D6A31A76C095005CA26C /* Release */,
			);
			defaultConfigurationIsVisible = 0;
			defaultConfigurationName = Release;
		};
		2991D6A41A76C095005CA26C /* Build configuration list for PBXNativeTarget "LoginForm" */ = {
			isa = XCConfigurationList;
			buildConfigurations = (
				2991D6A51A76C095005CA26C /* Debug */,
				2991D6A61A76C095005CA26C /* Release */,
			);
			defaultConfigurationIsVisible = 0;
		};
		2991D6A71A76C095005CA26C /* Build configuration list for PBXNativeTarget "LoginFormTests" */ = {
			isa = XCConfigurationList;
			buildConfigurations = (
				2991D6A81A76C095005CA26C /* Debug */,
				2991D6A91A76C095005CA26C /* Release */,
			);
			defaultConfigurationIsVisible = 0;
		};
/* End XCConfigurationList section */
	};
	rootObject = 2991D67D1A76C095005CA26C /* Project object */;
}
