// !$*UTF8*$!
{
	archiveVersion = 1;
	classes = {
	};
	objectVersion = 46;
	objects = {

/* Begin PBXBuildFile section */
		29AE85DA1A5ECA0800AB436D /* AppDelegate.m in Sources */ = {isa = PBXBuildFile; fileRef = 29AE85D91A5ECA0800AB436D /* AppDelegate.m */; };
		29AE85E21A5ECA0800AB436D /* Images.xcassets in Resources */ = {isa = PBXBuildFile; fileRef = 29AE85E11A5ECA0800AB436D /* Images.xcassets */; };
		29AE85E51A5ECA0800AB436D /* LaunchScreen.xib in Resources */ = {isa = PBXBuildFile; fileRef = 29AE85E31A5ECA0800AB436D /* LaunchScreen.xib */; };
		29AE85F11A5ECA0800AB436D /* GithubFriendsTests.m in Sources */ = {isa = PBXBuildFile; fileRef = 29AE85F01A5ECA0800AB436D /* GithubFriendsTests.m */; };
		29AE85FC1A5ECB8D00AB436D /* FriendsTVC.m in Sources */ = {isa = PBXBuildFile; fileRef = 29AE85FB1A5ECB8D00AB436D /* FriendsTVC.m */; };
		29AE85FF1A5ECBB400AB436D /* FriendCell.m in Sources */ = {isa = PBXBuildFile; fileRef = 29AE85FE1A5ECBB400AB436D /* FriendCell.m */; };
		29AE86011A5EDBF400AB436D /* main.m in Sources */ = {isa = PBXBuildFile; fileRef = 29AE86001A5EDBF400AB436D /* main.m */; };
		29AE86041A5EE35A00AB436D /* NewFriendVC.m in Sources */ = {isa = PBXBuildFile; fileRef = 29AE86031A5EE35A00AB436D /* NewFriendVC.m */; };
		29AE86071A5EE37900AB436D /* FriendDetailVC.m in Sources */ = {isa = PBXBuildFile; fileRef = 29AE86061A5EE37900AB436D /* FriendDetailVC.m */; };
/* End PBXBuildFile section */

/* Begin PBXContainerItemProxy section */
		29AE85EB1A5ECA0800AB436D /* PBXContainerItemProxy */ = {
			isa = PBXContainerItemProxy;
			containerPortal = 29AE85C91A5ECA0800AB436D /* Project object */;
			proxyType = 1;
			remoteGlobalIDString = 29AE85D01A5ECA0800AB436D;
			remoteInfo = GithubFriends;
		};
/* End PBXContainerItemProxy section */

/* Begin PBXFileReference section */
		29AE85D11A5ECA0800AB436D /* GithubFriends.app */ = {isa = PBXFileReference; explicitFileType = wrapper.application; includeInIndex = 0; path = GithubFriends.app; sourceTree = BUILT_PRODUCTS_DIR; };
		29AE85D51A5ECA0800AB436D /* Info.plist */ = {isa = PBXFileReference; lastKnownFileType = text.plist.xml; path = Info.plist; sourceTree = "<group>"; };
		29AE85D81A5ECA0800AB436D /* AppDelegate.h */ = {isa = PBXFileReference; lastKnownFileType = sourcecode.c.h; path = AppDelegate.h; sourceTree = "<group>"; };
		29AE85D91A5ECA0800AB436D /* AppDelegate.m */ = {isa = PBXFileReference; lastKnownFileType = sourcecode.c.objc; path = AppDelegate.m; sourceTree = "<group>"; };
		29AE85E11A5ECA0800AB436D /* Images.xcassets */ = {isa = PBXFileReference; lastKnownFileType = folder.assetcatalog; path = Images.xcassets; sourceTree = "<group>"; };
		29AE85E41A5ECA0800AB436D /* Base */ = {isa = PBXFileReference; lastKnownFileType = file.xib; name = Base; path = Base.lproj/LaunchScreen.xib; sourceTree = "<group>"; };
		29AE85EA1A5ECA0800AB436D /* GithubFriendsTests.xctest */ = {isa = PBXFileReference; explicitFileType = wrapper.cfbundle; includeInIndex = 0; path = GithubFriendsTests.xctest; sourceTree = BUILT_PRODUCTS_DIR; };
		29AE85EF1A5ECA0800AB436D /* Info.plist */ = {isa = PBXFileReference; lastKnownFileType = text.plist.xml; path = Info.plist; sourceTree = "<group>"; };
		29AE85F01A5ECA0800AB436D /* GithubFriendsTests.m */ = {isa = PBXFileReference; lastKnownFileType = sourcecode.c.objc; path = GithubFriendsTests.m; sourceTree = "<group>"; };
		29AE85FA1A5ECB8D00AB436D /* FriendsTVC.h */ = {isa = PBXFileReference; fileEncoding = 4; lastKnownFileType = sourcecode.c.h; path = FriendsTVC.h; sourceTree = "<group>"; };
		29AE85FB1A5ECB8D00AB436D /* FriendsTVC.m */ = {isa = PBXFileReference; fileEncoding = 4; lastKnownFileType = sourcecode.c.objc; path = FriendsTVC.m; sourceTree = "<group>"; };
		29AE85FD1A5ECBB400AB436D /* FriendCell.h */ = {isa = PBXFileReference; fileEncoding = 4; lastKnownFileType = sourcecode.c.h; path = FriendCell.h; sourceTree = "<group>"; };
		29AE85FE1A5ECBB400AB436D /* FriendCell.m */ = {isa = PBXFileReference; fileEncoding = 4; lastKnownFileType = sourcecode.c.objc; path = FriendCell.m; sourceTree = "<group>"; };
		29AE86001A5EDBF400AB436D /* main.m */ = {isa = PBXFileReference; fileEncoding = 4; lastKnownFileType = sourcecode.c.objc; path = main.m; sourceTree = "<group>"; };
		29AE86021A5EE35A00AB436D /* NewFriendVC.h */ = {isa = PBXFileReference; fileEncoding = 4; lastKnownFileType = sourcecode.c.h; path = NewFriendVC.h; sourceTree = "<group>"; };
		29AE86031A5EE35A00AB436D /* NewFriendVC.m */ = {isa = PBXFileReference; fileEncoding = 4; lastKnownFileType = sourcecode.c.objc; path = NewFriendVC.m; sourceTree = "<group>"; };
		29AE86051A5EE37900AB436D /* FriendDetailVC.h */ = {isa = PBXFileReference; fileEncoding = 4; lastKnownFileType = sourcecode.c.h; path = FriendDetailVC.h; sourceTree = "<group>"; };
		29AE86061A5EE37900AB436D /* FriendDetailVC.m */ = {isa = PBXFileReference; fileEncoding = 4; lastKnownFileType = sourcecode.c.objc; path = FriendDetailVC.m; sourceTree = "<group>"; };
/* End PBXFileReference section */

/* Begin PBXFrameworksBuildPhase section */
		29AE85CE1A5ECA0800AB436D /* Frameworks */ = {
			isa = PBXFrameworksBuildPhase;
			buildActionMask = 2147483647;
			files = (
			);
			runOnlyForDeploymentPostprocessing = 0;
		};
		29AE85E71A5ECA0800AB436D /* Frameworks */ = {
			isa = PBXFrameworksBuildPhase;
			buildActionMask = 2147483647;
			files = (
			);
			runOnlyForDeploymentPostprocessing = 0;
		};
/* End PBXFrameworksBuildPhase section */

/* Begin PBXGroup section */
		29AE85C81A5ECA0800AB436D = {
			isa = PBXGroup;
			children = (
				29AE85D31A5ECA0800AB436D /* GithubFriends */,
				29AE85ED1A5ECA0800AB436D /* GithubFriendsTests */,
				29AE85D21A5ECA0800AB436D /* Products */,
			);
			sourceTree = "<group>";
		};
		29AE85D21A5ECA0800AB436D /* Products */ = {
			isa = PBXGroup;
			children = (
				29AE85D11A5ECA0800AB436D /* GithubFriends.app */,
				29AE85EA1A5ECA0800AB436D /* GithubFriendsTests.xctest */,
			);
			name = Products;
			sourceTree = "<group>";
		};
		29AE85D31A5ECA0800AB436D /* GithubFriends */ = {
			isa = PBXGroup;
			children = (
				29AE86081A5EE3AC00AB436D /* List */,
				29AE86051A5EE37900AB436D /* FriendDetailVC.h */,
				29AE86061A5EE37900AB436D /* FriendDetailVC.m */,
				29AE86021A5EE35A00AB436D /* NewFriendVC.h */,
				29AE86031A5EE35A00AB436D /* NewFriendVC.m */,
				29AE85D41A5ECA0800AB436D /* Supporting Files */,
			);
			path = GithubFriends;
			sourceTree = "<group>";
		};
		29AE85D41A5ECA0800AB436D /* Supporting Files */ = {
			isa = PBXGroup;
			children = (
				29AE85E11A5ECA0800AB436D /* Images.xcassets */,
				29AE85E31A5ECA0800AB436D /* LaunchScreen.xib */,
				29AE85D81A5ECA0800AB436D /* AppDelegate.h */,
				29AE85D91A5ECA0800AB436D /* AppDelegate.m */,
				29AE86001A5EDBF400AB436D /* main.m */,
				29AE85D51A5ECA0800AB436D /* Info.plist */,
			);
			name = "Supporting Files";
			sourceTree = "<group>";
		};
		29AE85ED1A5ECA0800AB436D /* GithubFriendsTests */ = {
			isa = PBXGroup;
			children = (
				29AE85F01A5ECA0800AB436D /* GithubFriendsTests.m */,
				29AE85EE1A5ECA0800AB436D /* Supporting Files */,
			);
			path = GithubFriendsTests;
			sourceTree = "<group>";
		};
		29AE85EE1A5ECA0800AB436D /* Supporting Files */ = {
			isa = PBXGroup;
			children = (
				29AE85EF1A5ECA0800AB436D /* Info.plist */,
			);
			name = "Supporting Files";
			sourceTree = "<group>";
		};
		29AE86081A5EE3AC00AB436D /* List */ = {
			isa = PBXGroup;
			children = (
				29AE85FA1A5ECB8D00AB436D /* FriendsTVC.h */,
				29AE85FB1A5ECB8D00AB436D /* FriendsTVC.m */,
				29AE85FD1A5ECBB400AB436D /* FriendCell.h */,
				29AE85FE1A5ECBB400AB436D /* FriendCell.m */,
			);
			name = List;
			sourceTree = "<group>";
		};
/* End PBXGroup section */

/* Begin PBXNativeTarget section */
		29AE85D01A5ECA0800AB436D /* GithubFriends */ = {
			isa = PBXNativeTarget;
			buildConfigurationList = 29AE85F41A5ECA0800AB436D /* Build configuration list for PBXNativeTarget "GithubFriends" */;
			buildPhases = (
				29AE85CD1A5ECA0800AB436D /* Sources */,
				29AE85CE1A5ECA0800AB436D /* Frameworks */,
				29AE85CF1A5ECA0800AB436D /* Resources */,
			);
			buildRules = (
			);
			dependencies = (
			);
			name = GithubFriends;
			productName = GithubFriends;
			productReference = 29AE85D11A5ECA0800AB436D /* GithubFriends.app */;
			productType = "com.apple.product-type.application";
		};
		29AE85E91A5ECA0800AB436D /* GithubFriendsTests */ = {
			isa = PBXNativeTarget;
			buildConfigurationList = 29AE85F71A5ECA0800AB436D /* Build configuration list for PBXNativeTarget "GithubFriendsTests" */;
			buildPhases = (
				29AE85E61A5ECA0800AB436D /* Sources */,
				29AE85E71A5ECA0800AB436D /* Frameworks */,
				29AE85E81A5ECA0800AB436D /* Resources */,
			);
			buildRules = (
			);
			dependencies = (
				29AE85EC1A5ECA0800AB436D /* PBXTargetDependency */,
			);
			name = GithubFriendsTests;
			productName = GithubFriendsTests;
			productReference = 29AE85EA1A5ECA0800AB436D /* GithubFriendsTests.xctest */;
			productType = "com.apple.product-type.bundle.unit-test";
		};
/* End PBXNativeTarget section */

/* Begin PBXProject section */
		29AE85C91A5ECA0800AB436D /* Project object */ = {
			isa = PBXProject;
			attributes = {
				LastUpgradeCheck = 0610;
				ORGANIZATIONNAME = "Ebony Nyenya";
				TargetAttributes = {
					29AE85D01A5ECA0800AB436D = {
						CreatedOnToolsVersion = 6.1.1;
					};
					29AE85E91A5ECA0800AB436D = {
						CreatedOnToolsVersion = 6.1.1;
						TestTargetID = 29AE85D01A5ECA0800AB436D;
					};
				};
			};
			buildConfigurationList = 29AE85CC1A5ECA0800AB436D /* Build configuration list for PBXProject "GithubFriends" */;
			compatibilityVersion = "Xcode 3.2";
			developmentRegion = English;
			hasScannedForEncodings = 0;
			knownRegions = (
				en,
				Base,
			);
			mainGroup = 29AE85C81A5ECA0800AB436D;
			productRefGroup = 29AE85D21A5ECA0800AB436D /* Products */;
			projectDirPath = "";
			projectRoot = "";
			targets = (
				29AE85D01A5ECA0800AB436D /* GithubFriends */,
				29AE85E91A5ECA0800AB436D /* GithubFriendsTests */,
			);
		};
/* End PBXProject section */

/* Begin PBXResourcesBuildPhase section */
		29AE85CF1A5ECA0800AB436D /* Resources */ = {
			isa = PBXResourcesBuildPhase;
			buildActionMask = 2147483647;
			files = (
				29AE85E51A5ECA0800AB436D /* LaunchScreen.xib in Resources */,
				29AE85E21A5ECA0800AB436D /* Images.xcassets in Resources */,
			);
			runOnlyForDeploymentPostprocessing = 0;
		};
		29AE85E81A5ECA0800AB436D /* Resources */ = {
			isa = PBXResourcesBuildPhase;
			buildActionMask = 2147483647;
			files = (
			);
			runOnlyForDeploymentPostprocessing = 0;
		};
/* End PBXResourcesBuildPhase section */

/* Begin PBXSourcesBuildPhase section */
		29AE85CD1A5ECA0800AB436D /* Sources */ = {
			isa = PBXSourcesBuildPhase;
			buildActionMask = 2147483647;
			files = (
				29AE85DA1A5ECA0800AB436D /* AppDelegate.m in Sources */,
				29AE86041A5EE35A00AB436D /* NewFriendVC.m in Sources */,
				29AE85FC1A5ECB8D00AB436D /* FriendsTVC.m in Sources */,
				29AE86071A5EE37900AB436D /* FriendDetailVC.m in Sources */,
				29AE86011A5EDBF400AB436D /* main.m in Sources */,
				29AE85FF1A5ECBB400AB436D /* FriendCell.m in Sources */,
			);
			runOnlyForDeploymentPostprocessing = 0;
		};
		29AE85E61A5ECA0800AB436D /* Sources */ = {
			isa = PBXSourcesBuildPhase;
			buildActionMask = 2147483647;
			files = (
				29AE85F11A5ECA0800AB436D /* GithubFriendsTests.m in Sources */,
			);
			runOnlyForDeploymentPostprocessing = 0;
		};
/* End PBXSourcesBuildPhase section */

/* Begin PBXTargetDependency section */
		29AE85EC1A5ECA0800AB436D /* PBXTargetDependency */ = {
			isa = PBXTargetDependency;
			target = 29AE85D01A5ECA0800AB436D /* GithubFriends */;
			targetProxy = 29AE85EB1A5ECA0800AB436D /* PBXContainerItemProxy */;
		};
/* End PBXTargetDependency section */

/* Begin PBXVariantGroup section */
		29AE85E31A5ECA0800AB436D /* LaunchScreen.xib */ = {
			isa = PBXVariantGroup;
			children = (
				29AE85E41A5ECA0800AB436D /* Base */,
			);
			name = LaunchScreen.xib;
			sourceTree = "<group>";
		};
/* End PBXVariantGroup section */

/* Begin XCBuildConfiguration section */
		29AE85F21A5ECA0800AB436D /* Debug */ = {
			isa = XCBuildConfiguration;
			buildSettings = {
				ALWAYS_SEARCH_USER_PATHS = NO;
				CLANG_CXX_LANGUAGE_STANDARD = "gnu++0x";
				CLANG_CXX_LIBRARY = "libc++";
				CLANG_ENABLE_MODULES = YES;
				CLANG_ENABLE_OBJC_ARC = YES;
				CLANG_WARN_BOOL_CONVERSION = YES;
				CLANG_WARN_CONSTANT_CONVERSION = YES;
				CLANG_WARN_DIRECT_OBJC_ISA_USAGE = YES_ERROR;
				CLANG_WARN_EMPTY_BODY = YES;
				CLANG_WARN_ENUM_CONVERSION = YES;
				CLANG_WARN_INT_CONVERSION = YES;
				CLANG_WARN_OBJC_ROOT_CLASS = YES_ERROR;
				CLANG_WARN_UNREACHABLE_CODE = YES;
				CLANG_WARN__DUPLICATE_METHOD_MATCH = YES;
				"CODE_SIGN_IDENTITY[sdk=iphoneos*]" = "iPhone Developer";
				COPY_PHASE_STRIP = NO;
				ENABLE_STRICT_OBJC_MSGSEND = YES;
				GCC_C_LANGUAGE_STANDARD = gnu99;
				GCC_DYNAMIC_NO_PIC = NO;
				GCC_OPTIMIZATION_LEVEL = 0;
				GCC_PREPROCESSOR_DEFINITIONS = (
					"DEBUG=1",
					"$(inherited)",
				);
				GCC_SYMBOLS_PRIVATE_EXTERN = NO;
				GCC_WARN_64_TO_32_BIT_CONVERSION = YES;
				GCC_WARN_ABOUT_RETURN_TYPE = YES_ERROR;
				GCC_WARN_UNDECLARED_SELECTOR = YES;
				GCC_WARN_UNINITIALIZED_AUTOS = YES_AGGRESSIVE;
				GCC_WARN_UNUSED_FUNCTION = YES;
				GCC_WARN_UNUSED_VARIABLE = YES;
				IPHONEOS_DEPLOYMENT_TARGET = 8.1;
				MTL_ENABLE_DEBUG_INFO = YES;
				ONLY_ACTIVE_ARCH = YES;
				SDKROOT = iphoneos;
			};
			name = Debug;
		};
		29AE85F31A5ECA0800AB436D /* Release */ = {
			isa = XCBuildConfiguration;
			buildSettings = {
				ALWAYS_SEARCH_USER_PATHS = NO;
				CLANG_CXX_LANGUAGE_STANDARD = "gnu++0x";
				CLANG_CXX_LIBRARY = "libc++";
				CLANG_ENABLE_MODULES = YES;
				CLANG_ENABLE_OBJC_ARC = YES;
				CLANG_WARN_BOOL_CONVERSION = YES;
				CLANG_WARN_CONSTANT_CONVERSION = YES;
				CLANG_WARN_DIRECT_OBJC_ISA_USAGE = YES_ERROR;
				CLANG_WARN_EMPTY_BODY = YES;
				CLANG_WARN_ENUM_CONVERSION = YES;
				CLANG_WARN_INT_CONVERSION = YES;
				CLANG_WARN_OBJC_ROOT_CLASS = YES_ERROR;
				CLANG_WARN_UNREACHABLE_CODE = YES;
				CLANG_WARN__DUPLICATE_METHOD_MATCH = YES;
				"CODE_SIGN_IDENTITY[sdk=iphoneos*]" = "iPhone Developer";
				COPY_PHASE_STRIP = YES;
				ENABLE_NS_ASSERTIONS = NO;
				ENABLE_STRICT_OBJC_MSGSEND = YES;
				GCC_C_LANGUAGE_STANDARD = gnu99;
				GCC_WARN_64_TO_32_BIT_CONVERSION = YES;
				GCC_WARN_ABOUT_RETURN_TYPE = YES_ERROR;
				GCC_WARN_UNDECLARED_SELECTOR = YES;
				GCC_WARN_UNINITIALIZED_AUTOS = YES_AGGRESSIVE;
				GCC_WARN_UNUSED_FUNCTION = YES;
				GCC_WARN_UNUSED_VARIABLE = YES;
				IPHONEOS_DEPLOYMENT_TARGET = 8.1;
				MTL_ENABLE_DEBUG_INFO = NO;
				SDKROOT = iphoneos;
				VALIDATE_PRODUCT = YES;
			};
			name = Release;
		};
		29AE85F51A5ECA0800AB436D /* Debug */ = {
			isa = XCBuildConfiguration;
			buildSettings = {
				ASSETCATALOG_COMPILER_APPICON_NAME = AppIcon;
				INFOPLIST_FILE = GithubFriends/Info.plist;
				LD_RUNPATH_SEARCH_PATHS = "$(inherited) @executable_path/Frameworks";
				PRODUCT_NAME = "$(TARGET_NAME)";
			};
			name = Debug;
		};
		29AE85F61A5ECA0800AB436D /* Release */ = {
			isa = XCBuildConfiguration;
			buildSettings = {
				ASSETCATALOG_COMPILER_APPICON_NAME = AppIcon;
				INFOPLIST_FILE = GithubFriends/Info.plist;
				LD_RUNPATH_SEARCH_PATHS = "$(inherited) @executable_path/Frameworks";
				PRODUCT_NAME = "$(TARGET_NAME)";
			};
			name = Release;
		};
		29AE85F81A5ECA0800AB436D /* Debug */ = {
			isa = XCBuildConfiguration;
			buildSettings = {
				BUNDLE_LOADER = "$(TEST_HOST)";
				FRAMEWORK_SEARCH_PATHS = (
					"$(SDKROOT)/Developer/Library/Frameworks",
					"$(inherited)",
				);
				GCC_PREPROCESSOR_DEFINITIONS = (
					"DEBUG=1",
					"$(inherited)",
				);
				INFOPLIST_FILE = GithubFriendsTests/Info.plist;
				LD_RUNPATH_SEARCH_PATHS = "$(inherited) @executable_path/Frameworks @loader_path/Frameworks";
				PRODUCT_NAME = "$(TARGET_NAME)";
				TEST_HOST = "$(BUILT_PRODUCTS_DIR)/GithubFriends.app/GithubFriends";
			};
			name = Debug;
		};
		29AE85F91A5ECA0800AB436D /* Release */ = {
			isa = XCBuildConfiguration;
			buildSettings = {
				BUNDLE_LOADER = "$(TEST_HOST)";
				FRAMEWORK_SEARCH_PATHS = (
					"$(SDKROOT)/Developer/Library/Frameworks",
					"$(inherited)",
				);
				INFOPLIST_FILE = GithubFriendsTests/Info.plist;
				LD_RUNPATH_SEARCH_PATHS = "$(inherited) @executable_path/Frameworks @loader_path/Frameworks";
				PRODUCT_NAME = "$(TARGET_NAME)";
				TEST_HOST = "$(BUILT_PRODUCTS_DIR)/GithubFriends.app/GithubFriends";
			};
			name = Release;
		};
/* End XCBuildConfiguration section */

/* Begin XCConfigurationList section */
		29AE85CC1A5ECA0800AB436D /* Build configuration list for PBXProject "GithubFriends" */ = {
			isa = XCConfigurationList;
			buildConfigurations = (
				29AE85F21A5ECA0800AB436D /* Debug */,
				29AE85F31A5ECA0800AB436D /* Release */,
			);
			defaultConfigurationIsVisible = 0;
			defaultConfigurationName = Release;
		};
		29AE85F41A5ECA0800AB436D /* Build configuration list for PBXNativeTarget "GithubFriends" */ = {
			isa = XCConfigurationList;
			buildConfigurations = (
				29AE85F51A5ECA0800AB436D /* Debug */,
				29AE85F61A5ECA0800AB436D /* Release */,
			);
			defaultConfigurationIsVisible = 0;
		};
		29AE85F71A5ECA0800AB436D /* Build configuration list for PBXNativeTarget "GithubFriendsTests" */ = {
			isa = XCConfigurationList;
			buildConfigurations = (
				29AE85F81A5ECA0800AB436D /* Debug */,
				29AE85F91A5ECA0800AB436D /* Release */,
			);
			defaultConfigurationIsVisible = 0;
		};
/* End XCConfigurationList section */
	};
	rootObject = 29AE85C91A5ECA0800AB436D /* Project object */;
}
