// !$*UTF8*$!
{
	archiveVersion = 1;
	classes = {
	};
	objectVersion = 46;
	objects = {

/* Begin PBXBuildFile section */
		2991D65D1A769C6C005CA26C /* AppDelegate.swift in Sources */ = {isa = PBXBuildFile; fileRef = 2991D65C1A769C6C005CA26C /* AppDelegate.swift */; };
		2991D65F1A769C6C005CA26C /* ViewController.swift in Sources */ = {isa = PBXBuildFile; fileRef = 2991D65E1A769C6C005CA26C /* ViewController.swift */; };
		2991D6621A769C6C005CA26C /* Main.storyboard in Resources */ = {isa = PBXBuildFile; fileRef = 2991D6601A769C6C005CA26C /* Main.storyboard */; };
		2991D6641A769C6C005CA26C /* Images.xcassets in Resources */ = {isa = PBXBuildFile; fileRef = 2991D6631A769C6C005CA26C /* Images.xcassets */; };
		2991D6671A769C6C005CA26C /* LaunchScreen.xib in Resources */ = {isa = PBXBuildFile; fileRef = 2991D6651A769C6C005CA26C /* LaunchScreen.xib */; };
		2991D6731A769C6C005CA26C /* SwiftAppTests.swift in Sources */ = {isa = PBXBuildFile; fileRef = 2991D6721A769C6C005CA26C /* SwiftAppTests.swift */; };
/* End PBXBuildFile section */

/* Begin PBXContainerItemProxy section */
		2991D66D1A769C6C005CA26C /* PBXContainerItemProxy */ = {
			isa = PBXContainerItemProxy;
			containerPortal = 2991D64F1A769C6C005CA26C /* Project object */;
			proxyType = 1;
			remoteGlobalIDString = 2991D6561A769C6C005CA26C;
			remoteInfo = SwiftApp;
		};
/* End PBXContainerItemProxy section */

/* Begin PBXFileReference section */
		2991D6571A769C6C005CA26C /* SwiftApp.app */ = {isa = PBXFileReference; explicitFileType = wrapper.application; includeInIndex = 0; path = SwiftApp.app; sourceTree = BUILT_PRODUCTS_DIR; };
		2991D65B1A769C6C005CA26C /* Info.plist */ = {isa = PBXFileReference; lastKnownFileType = text.plist.xml; path = Info.plist; sourceTree = "<group>"; };
		2991D65C1A769C6C005CA26C /* AppDelegate.swift */ = {isa = PBXFileReference; lastKnownFileType = sourcecode.swift; path = AppDelegate.swift; sourceTree = "<group>"; };
		2991D65E1A769C6C005CA26C /* ViewController.swift */ = {isa = PBXFileReference; lastKnownFileType = sourcecode.swift; path = ViewController.swift; sourceTree = "<group>"; };
		2991D6611A769C6C005CA26C /* Base */ = {isa = PBXFileReference; lastKnownFileType = file.storyboard; name = Base; path = Base.lproj/Main.storyboard; sourceTree = "<group>"; };
		2991D6631A769C6C005CA26C /* Images.xcassets */ = {isa = PBXFileReference; lastKnownFileType = folder.assetcatalog; path = Images.xcassets; sourceTree = "<group>"; };
		2991D6661A769C6C005CA26C /* Base */ = {isa = PBXFileReference; lastKnownFileType = file.xib; name = Base; path = Base.lproj/LaunchScreen.xib; sourceTree = "<group>"; };
		2991D66C1A769C6C005CA26C /* SwiftAppTests.xctest */ = {isa = PBXFileReference; explicitFileType = wrapper.cfbundle; includeInIndex = 0; path = SwiftAppTests.xctest; sourceTree = BUILT_PRODUCTS_DIR; };
		2991D6711A769C6C005CA26C /* Info.plist */ = {isa = PBXFileReference; lastKnownFileType = text.plist.xml; path = Info.plist; sourceTree = "<group>"; };
		2991D6721A769C6C005CA26C /* SwiftAppTests.swift */ = {isa = PBXFileReference; lastKnownFileType = sourcecode.swift; path = SwiftAppTests.swift; sourceTree = "<group>"; };
/* End PBXFileReference section */

/* Begin PBXFrameworksBuildPhase section */
		2991D6541A769C6C005CA26C /* Frameworks */ = {
			isa = PBXFrameworksBuildPhase;
			buildActionMask = 2147483647;
			files = (
			);
			runOnlyForDeploymentPostprocessing = 0;
		};
		2991D6691A769C6C005CA26C /* Frameworks */ = {
			isa = PBXFrameworksBuildPhase;
			buildActionMask = 2147483647;
			files = (
			);
			runOnlyForDeploymentPostprocessing = 0;
		};
/* End PBXFrameworksBuildPhase section */

/* Begin PBXGroup section */
		2991D64E1A769C6C005CA26C = {
			isa = PBXGroup;
			children = (
				2991D6591A769C6C005CA26C /* SwiftApp */,
				2991D66F1A769C6C005CA26C /* SwiftAppTests */,
				2991D6581A769C6C005CA26C /* Products */,
			);
			sourceTree = "<group>";
		};
		2991D6581A769C6C005CA26C /* Products */ = {
			isa = PBXGroup;
			children = (
				2991D6571A769C6C005CA26C /* SwiftApp.app */,
				2991D66C1A769C6C005CA26C /* SwiftAppTests.xctest */,
			);
			name = Products;
			sourceTree = "<group>";
		};
		2991D6591A769C6C005CA26C /* SwiftApp */ = {
			isa = PBXGroup;
			children = (
				2991D65C1A769C6C005CA26C /* AppDelegate.swift */,
				2991D65E1A769C6C005CA26C /* ViewController.swift */,
				2991D6601A769C6C005CA26C /* Main.storyboard */,
				2991D6631A769C6C005CA26C /* Images.xcassets */,
				2991D6651A769C6C005CA26C /* LaunchScreen.xib */,
				2991D65A1A769C6C005CA26C /* Supporting Files */,
			);
			path = SwiftApp;
			sourceTree = "<group>";
		};
		2991D65A1A769C6C005CA26C /* Supporting Files */ = {
			isa = PBXGroup;
			children = (
				2991D65B1A769C6C005CA26C /* Info.plist */,
			);
			name = "Supporting Files";
			sourceTree = "<group>";
		};
		2991D66F1A769C6C005CA26C /* SwiftAppTests */ = {
			isa = PBXGroup;
			children = (
				2991D6721A769C6C005CA26C /* SwiftAppTests.swift */,
				2991D6701A769C6C005CA26C /* Supporting Files */,
			);
			path = SwiftAppTests;
			sourceTree = "<group>";
		};
		2991D6701A769C6C005CA26C /* Supporting Files */ = {
			isa = PBXGroup;
			children = (
				2991D6711A769C6C005CA26C /* Info.plist */,
			);
			name = "Supporting Files";
			sourceTree = "<group>";
		};
/* End PBXGroup section */

/* Begin PBXNativeTarget section */
		2991D6561A769C6C005CA26C /* SwiftApp */ = {
			isa = PBXNativeTarget;
			buildConfigurationList = 2991D6761A769C6C005CA26C /* Build configuration list for PBXNativeTarget "SwiftApp" */;
			buildPhases = (
				2991D6531A769C6C005CA26C /* Sources */,
				2991D6541A769C6C005CA26C /* Frameworks */,
				2991D6551A769C6C005CA26C /* Resources */,
			);
			buildRules = (
			);
			dependencies = (
			);
			name = SwiftApp;
			productName = SwiftApp;
			productReference = 2991D6571A769C6C005CA26C /* SwiftApp.app */;
			productType = "com.apple.product-type.application";
		};
		2991D66B1A769C6C005CA26C /* SwiftAppTests */ = {
			isa = PBXNativeTarget;
			buildConfigurationList = 2991D6791A769C6C005CA26C /* Build configuration list for PBXNativeTarget "SwiftAppTests" */;
			buildPhases = (
				2991D6681A769C6C005CA26C /* Sources */,
				2991D6691A769C6C005CA26C /* Frameworks */,
				2991D66A1A769C6C005CA26C /* Resources */,
			);
			buildRules = (
			);
			dependencies = (
				2991D66E1A769C6C005CA26C /* PBXTargetDependency */,
			);
			name = SwiftAppTests;
			productName = SwiftAppTests;
			productReference = 2991D66C1A769C6C005CA26C /* SwiftAppTests.xctest */;
			productType = "com.apple.product-type.bundle.unit-test";
		};
/* End PBXNativeTarget section */

/* Begin PBXProject section */
		2991D64F1A769C6C005CA26C /* Project object */ = {
			isa = PBXProject;
			attributes = {
				LastUpgradeCheck = 0610;
				ORGANIZATIONNAME = "Ebony Nyenya";
				TargetAttributes = {
					2991D6561A769C6C005CA26C = {
						CreatedOnToolsVersion = 6.1.1;
					};
					2991D66B1A769C6C005CA26C = {
						CreatedOnToolsVersion = 6.1.1;
						TestTargetID = 2991D6561A769C6C005CA26C;
					};
				};
			};
			buildConfigurationList = 2991D6521A769C6C005CA26C /* Build configuration list for PBXProject "SwiftApp" */;
			compatibilityVersion = "Xcode 3.2";
			developmentRegion = English;
			hasScannedForEncodings = 0;
			knownRegions = (
				en,
				Base,
			);
			mainGroup = 2991D64E1A769C6C005CA26C;
			productRefGroup = 2991D6581A769C6C005CA26C /* Products */;
			projectDirPath = "";
			projectRoot = "";
			targets = (
				2991D6561A769C6C005CA26C /* SwiftApp */,
				2991D66B1A769C6C005CA26C /* SwiftAppTests */,
			);
		};
/* End PBXProject section */

/* Begin PBXResourcesBuildPhase section */
		2991D6551A769C6C005CA26C /* Resources */ = {
			isa = PBXResourcesBuildPhase;
			buildActionMask = 2147483647;
			files = (
				2991D6621A769C6C005CA26C /* Main.storyboard in Resources */,
				2991D6671A769C6C005CA26C /* LaunchScreen.xib in Resources */,
				2991D6641A769C6C005CA26C /* Images.xcassets in Resources */,
			);
			runOnlyForDeploymentPostprocessing = 0;
		};
		2991D66A1A769C6C005CA26C /* Resources */ = {
			isa = PBXResourcesBuildPhase;
			buildActionMask = 2147483647;
			files = (
			);
			runOnlyForDeploymentPostprocessing = 0;
		};
/* End PBXResourcesBuildPhase section */

/* Begin PBXSourcesBuildPhase section */
		2991D6531A769C6C005CA26C /* Sources */ = {
			isa = PBXSourcesBuildPhase;
			buildActionMask = 2147483647;
			files = (
				2991D65F1A769C6C005CA26C /* ViewController.swift in Sources */,
				2991D65D1A769C6C005CA26C /* AppDelegate.swift in Sources */,
			);
			runOnlyForDeploymentPostprocessing = 0;
		};
		2991D6681A769C6C005CA26C /* Sources */ = {
			isa = PBXSourcesBuildPhase;
			buildActionMask = 2147483647;
			files = (
				2991D6731A769C6C005CA26C /* SwiftAppTests.swift in Sources */,
			);
			runOnlyForDeploymentPostprocessing = 0;
		};
/* End PBXSourcesBuildPhase section */

/* Begin PBXTargetDependency section */
		2991D66E1A769C6C005CA26C /* PBXTargetDependency */ = {
			isa = PBXTargetDependency;
			target = 2991D6561A769C6C005CA26C /* SwiftApp */;
			targetProxy = 2991D66D1A769C6C005CA26C /* PBXContainerItemProxy */;
		};
/* End PBXTargetDependency section */

/* Begin PBXVariantGroup section */
		2991D6601A769C6C005CA26C /* Main.storyboard */ = {
			isa = PBXVariantGroup;
			children = (
				2991D6611A769C6C005CA26C /* Base */,
			);
			name = Main.storyboard;
			sourceTree = "<group>";
		};
		2991D6651A769C6C005CA26C /* LaunchScreen.xib */ = {
			isa = PBXVariantGroup;
			children = (
				2991D6661A769C6C005CA26C /* Base */,
			);
			name = LaunchScreen.xib;
			sourceTree = "<group>";
		};
/* End PBXVariantGroup section */

/* Begin XCBuildConfiguration section */
		2991D6741A769C6C005CA26C /* Debug */ = {
			isa = XCBuildConfiguration;
			buildSettings = {
				ALWAYS_SEARCH_USER_PATHS = NO;
				CLANG_CXX_LANGUAGE_STANDARD = "gnu++0x";
				CLANG_CXX_LIBRARY = "libc++";
				CLANG_ENABLE_MODULES = YES;
				CLANG_ENABLE_OBJC_ARC = YES;
				CLANG_WARN_BOOL_CONVERSION = YES;
				CLANG_WARN_CONSTANT_CONVERSION = YES;
				CLANG_WARN_DIRECT_OBJC_ISA_USAGE = YES_ERROR;
				CLANG_WARN_EMPTY_BODY = YES;
				CLANG_WARN_ENUM_CONVERSION = YES;
				CLANG_WARN_INT_CONVERSION = YES;
				CLANG_WARN_OBJC_ROOT_CLASS = YES_ERROR;
				CLANG_WARN_UNREACHABLE_CODE = YES;
				CLANG_WARN__DUPLICATE_METHOD_MATCH = YES;
				"CODE_SIGN_IDENTITY[sdk=iphoneos*]" = "iPhone Developer";
				COPY_PHASE_STRIP = NO;
				ENABLE_STRICT_OBJC_MSGSEND = YES;
				GCC_C_LANGUAGE_STANDARD = gnu99;
				GCC_DYNAMIC_NO_PIC = NO;
				GCC_OPTIMIZATION_LEVEL = 0;
				GCC_PREPROCESSOR_DEFINITIONS = (
					"DEBUG=1",
					"$(inherited)",
				);
				GCC_SYMBOLS_PRIVATE_EXTERN = NO;
				GCC_WARN_64_TO_32_BIT_CONVERSION = YES;
				GCC_WARN_ABOUT_RETURN_TYPE = YES_ERROR;
				GCC_WARN_UNDECLARED_SELECTOR = YES;
				GCC_WARN_UNINITIALIZED_AUTOS = YES_AGGRESSIVE;
				GCC_WARN_UNUSED_FUNCTION = YES;
				GCC_WARN_UNUSED_VARIABLE = YES;
				IPHONEOS_DEPLOYMENT_TARGET = 8.1;
				MTL_ENABLE_DEBUG_INFO = YES;
				ONLY_ACTIVE_ARCH = YES;
				SDKROOT = iphoneos;
				SWIFT_OPTIMIZATION_LEVEL = "-Onone";
			};
			name = Debug;
		};
		2991D6751A769C6C005CA26C /* Release */ = {
			isa = XCBuildConfiguration;
			buildSettings = {
				ALWAYS_SEARCH_USER_PATHS = NO;
				CLANG_CXX_LANGUAGE_STANDARD = "gnu++0x";
				CLANG_CXX_LIBRARY = "libc++";
				CLANG_ENABLE_MODULES = YES;
				CLANG_ENABLE_OBJC_ARC = YES;
				CLANG_WARN_BOOL_CONVERSION = YES;
				CLANG_WARN_CONSTANT_CONVERSION = YES;
				CLANG_WARN_DIRECT_OBJC_ISA_USAGE = YES_ERROR;
				CLANG_WARN_EMPTY_BODY = YES;
				CLANG_WARN_ENUM_CONVERSION = YES;
				CLANG_WARN_INT_CONVERSION = YES;
				CLANG_WARN_OBJC_ROOT_CLASS = YES_ERROR;
				CLANG_WARN_UNREACHABLE_CODE = YES;
				CLANG_WARN__DUPLICATE_METHOD_MATCH = YES;
				"CODE_SIGN_IDENTITY[sdk=iphoneos*]" = "iPhone Developer";
				COPY_PHASE_STRIP = YES;
				ENABLE_NS_ASSERTIONS = NO;
				ENABLE_STRICT_OBJC_MSGSEND = YES;
				GCC_C_LANGUAGE_STANDARD = gnu99;
				GCC_WARN_64_TO_32_BIT_CONVERSION = YES;
				GCC_WARN_ABOUT_RETURN_TYPE = YES_ERROR;
				GCC_WARN_UNDECLARED_SELECTOR = YES;
				GCC_WARN_UNINITIALIZED_AUTOS = YES_AGGRESSIVE;
				GCC_WARN_UNUSED_FUNCTION = YES;
				GCC_WARN_UNUSED_VARIABLE = YES;
				IPHONEOS_DEPLOYMENT_TARGET = 8.1;
				MTL_ENABLE_DEBUG_INFO = NO;
				SDKROOT = iphoneos;
				VALIDATE_PRODUCT = YES;
			};
			name = Release;
		};
		2991D6771A769C6C005CA26C /* Debug */ = {
			isa = XCBuildConfiguration;
			buildSettings = {
				ASSETCATALOG_COMPILER_APPICON_NAME = AppIcon;
				INFOPLIST_FILE = SwiftApp/Info.plist;
				LD_RUNPATH_SEARCH_PATHS = "$(inherited) @executable_path/Frameworks";
				PRODUCT_NAME = "$(TARGET_NAME)";
			};
			name = Debug;
		};
		2991D6781A769C6C005CA26C /* Release */ = {
			isa = XCBuildConfiguration;
			buildSettings = {
				ASSETCATALOG_COMPILER_APPICON_NAME = AppIcon;
				INFOPLIST_FILE = SwiftApp/Info.plist;
				LD_RUNPATH_SEARCH_PATHS = "$(inherited) @executable_path/Frameworks";
				PRODUCT_NAME = "$(TARGET_NAME)";
			};
			name = Release;
		};
		2991D67A1A769C6C005CA26C /* Debug */ = {
			isa = XCBuildConfiguration;
			buildSettings = {
				BUNDLE_LOADER = "$(TEST_HOST)";
				FRAMEWORK_SEARCH_PATHS = (
					"$(SDKROOT)/Developer/Library/Frameworks",
					"$(inherited)",
				);
				GCC_PREPROCESSOR_DEFINITIONS = (
					"DEBUG=1",
					"$(inherited)",
				);
				INFOPLIST_FILE = SwiftAppTests/Info.plist;
				LD_RUNPATH_SEARCH_PATHS = "$(inherited) @executable_path/Frameworks @loader_path/Frameworks";
				PRODUCT_NAME = "$(TARGET_NAME)";
				TEST_HOST = "$(BUILT_PRODUCTS_DIR)/SwiftApp.app/SwiftApp";
			};
			name = Debug;
		};
		2991D67B1A769C6C005CA26C /* Release */ = {
			isa = XCBuildConfiguration;
			buildSettings = {
				BUNDLE_LOADER = "$(TEST_HOST)";
				FRAMEWORK_SEARCH_PATHS = (
					"$(SDKROOT)/Developer/Library/Frameworks",
					"$(inherited)",
				);
				INFOPLIST_FILE = SwiftAppTests/Info.plist;
				LD_RUNPATH_SEARCH_PATHS = "$(inherited) @executable_path/Frameworks @loader_path/Frameworks";
				PRODUCT_NAME = "$(TARGET_NAME)";
				TEST_HOST = "$(BUILT_PRODUCTS_DIR)/SwiftApp.app/SwiftApp";
			};
			name = Release;
		};
/* End XCBuildConfiguration section */

/* Begin XCConfigurationList section */
		2991D6521A769C6C005CA26C /* Build configuration list for PBXProject "SwiftApp" */ = {
			isa = XCConfigurationList;
			buildConfigurations = (
				2991D6741A769C6C005CA26C /* Debug */,
				2991D6751A769C6C005CA26C /* Release */,
			);
			defaultConfigurationIsVisible = 0;
			defaultConfigurationName = Release;
		};
		2991D6761A769C6C005CA26C /* Build configuration list for PBXNativeTarget "SwiftApp" */ = {
			isa = XCConfigurationList;
			buildConfigurations = (
				2991D6771A769C6C005CA26C /* Debug */,
				2991D6781A769C6C005CA26C /* Release */,
			);
			defaultConfigurationIsVisible = 0;
		};
		2991D6791A769C6C005CA26C /* Build configuration list for PBXNativeTarget "SwiftAppTests" */ = {
			isa = XCConfigurationList;
			buildConfigurations = (
				2991D67A1A769C6C005CA26C /* Debug */,
				2991D67B1A769C6C005CA26C /* Release */,
			);
			defaultConfigurationIsVisible = 0;
		};
/* End XCConfigurationList section */
	};
	rootObject = 2991D64F1A769C6C005CA26C /* Project object */;
}
